
Microsoft Visual Studio Solution File, Format Version 12.00
# Visual Studio Version 17
VisualStudioVersion = 17.2.32526.322
MinimumVisualStudioVersion = 10.0.40219.1
Project("{FAE04EC0-301F-11D3-BF4B-00C04F79EFBC}") = "SuperHeroAPI", "SuperHeroAPI\SuperHeroAPI.csproj", "{4FE63C1D-4BA2-45D5-AB3D-B3458FE6A7CE}"
EndProject
Global
	GlobalSection(SolutionConfigurationPlatforms) = preSolution
		Debug|Any CPU = Debug|Any CPU
		Release|Any CPU = Release|Any CPU
	EndGlobalSection
	GlobalSection(ProjectConfigurationPlatforms) = postSolution
		{4FE63C1D-4BA2-45D5-AB3D-B3458FE6A7CE}.Debug|Any CPU.ActiveCfg = Debug|Any CPU
		{4FE63C1D-4BA2-45D5-AB3D-B3458FE6A7CE}.Debug|Any CPU.Build.0 = Debug|Any CPU
		{4FE63C1D-4BA2-45D5-AB3D-B3458FE6A7CE}.Release|Any CPU.ActiveCfg = Release|Any CPU
		{4FE63C1D-4BA2-45D5-AB3D-B3458FE6A7CE}.Release|Any CPU.Build.0 = Release|Any CPU
	EndGlobalSection
	GlobalSection(SolutionProperties) = preSolution
		HideSolutionNode = FALSE
	EndGlobalSection
	GlobalSection(ExtensibilityGlobals) = postSolution
		SolutionGuid = {12F64F2A-BD14-414F-9623-E734B573712F}
	EndGlobalSection
EndGlobal
